
Microsoft Visual Studio Solution File, Format Version 12.00
# Visual Studio Version 16
VisualStudioVersion = 16.0.33423.256
MinimumVisualStudioVersion = 10.0.40219.1
Project("{FAE04EC0-301F-11D3-BF4B-00C04F79EFBC}") = "TestApi", "TestApi\TestApi.csproj", "{E69E864A-1834-407B-81E2-B5350073289E}"
EndProject
Global
	GlobalSection(SolutionConfigurationPlatforms) = preSolution
		Debug|Any CPU = Debug|Any CPU
		Release|Any CPU = Release|Any CPU
	EndGlobalSection
	GlobalSection(ProjectConfigurationPlatforms) = postSolution
		{E69E864A-1834-407B-81E2-B5350073289E}.Debug|Any CPU.ActiveCfg = Debug|Any CPU
		{E69E864A-1834-407B-81E2-B5350073289E}.Debug|Any CPU.Build.0 = Debug|Any CPU
		{E69E864A-1834-407B-81E2-B5350073289E}.Release|Any CPU.ActiveCfg = Release|Any CPU
		{E69E864A-1834-407B-81E2-B5350073289E}.Release|Any CPU.Build.0 = Release|Any CPU
	EndGlobalSection
	GlobalSection(SolutionProperties) = preSolution
		HideSolutionNode = FALSE
	EndGlobalSection
	GlobalSection(ExtensibilityGlobals) = postSolution
		SolutionGuid = {6A826854-0159-4B80-9463-46F9F9922C43}
	EndGlobalSection
EndGlobal
